{
  "name": "Kinetix.AI",
  "lockfileVersion": 3,
  "requires": true,
  "packages": {
    "": {
      "devDependencies": {
        "@types/googlepay": "^0.7.10"
      }
    },
    "node_modules/@types/googlepay": {
      "version": "0.7.10",
      "resolved": "https://registry.npmjs.org/@types/googlepay/-/googlepay-0.7.10.tgz",
      "integrity": "sha512-ByXjDfxEp87zsjw5cVsNKEeA+AIJYcWwJvRqPu85jO0Lp/FeG67csnf4mqbPaIxmdI6+Khp3v5I0yyjq9MrGhw==",
      "dev": true,
      "license": "MIT"
    }
  }
}
